
Microsoft Visual Studio Solution File, Format Version 12.00
# Visual Studio Version 17
VisualStudioVersion = 17.14.36811.4 d17.14
MinimumVisualStudioVersion = 10.0.40219.1
Project("{FAE04EC0-301F-11D3-BF4B-00C04F79EFBC}") = "MyStore", "MyStore\MyStore.csproj", "{815D6355-6F9B-4172-AC2D-AA19E7D8F487}"
EndProject
Global
	GlobalSection(SolutionConfigurationPlatforms) = preSolution
		Debug|Any CPU = Debug|Any CPU
		Release|Any CPU = Release|Any CPU
	EndGlobalSection
	GlobalSection(ProjectConfigurationPlatforms) = postSolution
		{815D6355-6F9B-4172-AC2D-AA19E7D8F487}.Debug|Any CPU.ActiveCfg = Debug|Any CPU
		{815D6355-6F9B-4172-AC2D-AA19E7D8F487}.Debug|Any CPU.Build.0 = Debug|Any CPU
		{815D6355-6F9B-4172-AC2D-AA19E7D8F487}.Release|Any CPU.ActiveCfg = Release|Any CPU
		{815D6355-6F9B-4172-AC2D-AA19E7D8F487}.Release|Any CPU.Build.0 = Release|Any CPU
	EndGlobalSection
	GlobalSection(SolutionProperties) = preSolution
		HideSolutionNode = FALSE
	EndGlobalSection
	GlobalSection(ExtensibilityGlobals) = postSolution
		SolutionGuid = {E1EB7FE8-09A9-443B-87A8-A6B95BC224F9}
	EndGlobalSection
EndGlobal
